
Microsoft Visual Studio Solution File, Format Version 12.00
# Visual Studio Version 16
VisualStudioVersion = 16.0.32106.194
MinimumVisualStudioVersion = 10.0.40219.1
Project("{FAE04EC0-301F-11D3-BF4B-00C04F79EFBC}") = "Project1_WGUI", "Project1_WGUI\Project1_WGUI.csproj", "{CF2AEDEB-AA71-464F-8304-0021B3F24ABE}"
EndProject
Global
	GlobalSection(SolutionConfigurationPlatforms) = preSolution
		Debug|Any CPU = Debug|Any CPU
		Release|Any CPU = Release|Any CPU
	EndGlobalSection
	GlobalSection(ProjectConfigurationPlatforms) = postSolution
		{CF2AEDEB-AA71-464F-8304-0021B3F24ABE}.Debug|Any CPU.ActiveCfg = Debug|Any CPU
		{CF2AEDEB-AA71-464F-8304-0021B3F24ABE}.Debug|Any CPU.Build.0 = Debug|Any CPU
		{CF2AEDEB-AA71-464F-8304-0021B3F24ABE}.Release|Any CPU.ActiveCfg = Release|Any CPU
		{CF2AEDEB-AA71-464F-8304-0021B3F24ABE}.Release|Any CPU.Build.0 = Release|Any CPU
	EndGlobalSection
	GlobalSection(SolutionProperties) = preSolution
		HideSolutionNode = FALSE
	EndGlobalSection
	GlobalSection(ExtensibilityGlobals) = postSolution
		SolutionGuid = {89005CBA-5C6A-4009-8191-3EA4EA75DBB9}
	EndGlobalSection
EndGlobal
